
Microsoft Visual Studio Solution File, Format Version 12.00
# Visual Studio Version 17
VisualStudioVersion = 17.7.34024.191
MinimumVisualStudioVersion = 10.0.40219.1
Project("{FAE04EC0-301F-11D3-BF4B-00C04F79EFBC}") = "ATM", "ATM\ATM.csproj", "{DE864B0F-6C5C-489C-B5E8-1239E0232063}"
EndProject
Global
	GlobalSection(SolutionConfigurationPlatforms) = preSolution
		Debug|Any CPU = Debug|Any CPU
		Release|Any CPU = Release|Any CPU
	EndGlobalSection
	GlobalSection(ProjectConfigurationPlatforms) = postSolution
		{DE864B0F-6C5C-489C-B5E8-1239E0232063}.Debug|Any CPU.ActiveCfg = Debug|Any CPU
		{DE864B0F-6C5C-489C-B5E8-1239E0232063}.Debug|Any CPU.Build.0 = Debug|Any CPU
		{DE864B0F-6C5C-489C-B5E8-1239E0232063}.Release|Any CPU.ActiveCfg = Release|Any CPU
		{DE864B0F-6C5C-489C-B5E8-1239E0232063}.Release|Any CPU.Build.0 = Release|Any CPU
	EndGlobalSection
	GlobalSection(SolutionProperties) = preSolution
		HideSolutionNode = FALSE
	EndGlobalSection
	GlobalSection(ExtensibilityGlobals) = postSolution
		SolutionGuid = {A1085C37-F5B8-4D66-8A21-38AC4662D09B}
	EndGlobalSection
EndGlobal
